
Microsoft Visual Studio Solution File, Format Version 12.00
# Visual Studio 15
VisualStudioVersion = 15.0.27130.2027
MinimumVisualStudioVersion = 10.0.40219.1
Project("{FAE04EC0-301F-11D3-BF4B-00C04F79EFBC}") = "Calculator", "Calculator\Calculator.csproj", "{568EC967-67F6-419A-8C74-8FC0055B088B}"
EndProject
Project("{FAE04EC0-301F-11D3-BF4B-00C04F79EFBC}") = "TestCases", "TestCases\TestCases.csproj", "{590A26C9-F4FF-4196-8AAE-EEDA97E882FC}"
EndProject
Global
	GlobalSection(SolutionConfigurationPlatforms) = preSolution
		Debug|Any CPU = Debug|Any CPU
		Release|Any CPU = Release|Any CPU
	EndGlobalSection
	GlobalSection(ProjectConfigurationPlatforms) = postSolution
		{568EC967-67F6-419A-8C74-8FC0055B088B}.Debug|Any CPU.ActiveCfg = Debug|Any CPU
		{568EC967-67F6-419A-8C74-8FC0055B088B}.Debug|Any CPU.Build.0 = Debug|Any CPU
		{568EC967-67F6-419A-8C74-8FC0055B088B}.Release|Any CPU.ActiveCfg = Release|Any CPU
		{568EC967-67F6-419A-8C74-8FC0055B088B}.Release|Any CPU.Build.0 = Release|Any CPU
		{590A26C9-F4FF-4196-8AAE-EEDA97E882FC}.Debug|Any CPU.ActiveCfg = Debug|Any CPU
		{590A26C9-F4FF-4196-8AAE-EEDA97E882FC}.Debug|Any CPU.Build.0 = Debug|Any CPU
		{590A26C9-F4FF-4196-8AAE-EEDA97E882FC}.Release|Any CPU.ActiveCfg = Release|Any CPU
		{590A26C9-F4FF-4196-8AAE-EEDA97E882FC}.Release|Any CPU.Build.0 = Release|Any CPU
	EndGlobalSection
	GlobalSection(SolutionProperties) = preSolution
		HideSolutionNode = FALSE
	EndGlobalSection
	GlobalSection(ExtensibilityGlobals) = postSolution
		SolutionGuid = {58A2A40D-B3C0-4A6D-B8DE-6899A7DEB0D6}
	EndGlobalSection
EndGlobal
